
Microsoft Visual Studio Solution File, Format Version 12.00
# Visual Studio Version 17
VisualStudioVersion = 17.12.35514.174 d17.12
MinimumVisualStudioVersion = 10.0.40219.1
Project("{9A19103F-16F7-4668-BE54-9A1E7A4F7556}") = "Yllibed.HttpServer", "Yllibed.HttpServer\Yllibed.HttpServer.csproj", "{8D21CD92-C0E8-478A-867C-2D07A02879D5}"
EndProject
Project("{9A19103F-16F7-4668-BE54-9A1E7A4F7556}") = "Yllibed.HttpServer.Tests", "Yllibed.HttpServer.Tests\Yllibed.HttpServer.Tests.csproj", "{D558F35B-2335-4DA1-BC07-338EEA7EA4AF}"
EndProject
Project("{2150E333-8FDC-42A3-9474-1A3956D46DE8}") = "Solution Items", "Solution Items", "{0A711B14-A668-4751-AEBF-0BB97641C432}"
	ProjectSection(SolutionItems) = preProject
		Directory.Build.props = Directory.Build.props
		README.md = README.md
		.editorconfig = .editorconfig
		.github\workflows\build.yml = .github\workflows\build.yml
		version.json = version.json
	EndProjectSection
EndProject
Project("{FAE04EC0-301F-11D3-BF4B-00C04F79EFBC}") = "Yllibed.HttpServer.Json", "Yllibed.HttpServer.Json\Yllibed.HttpServer.Json.csproj", "{460C757A-BCD7-4EA1-91DA-3EE252F39C83}"
EndProject
Project("{FAE04EC0-301F-11D3-BF4B-00C04F79EFBC}") = "Yllibed.HttpServer.Json.Tests", "Yllibed.HttpServer.Json.Tests\Yllibed.HttpServer.Json.Tests.csproj", "{5B5E5C0C-3590-4A4A-821E-9D83D9F1B628}"
EndProject
Global
	GlobalSection(SolutionConfigurationPlatforms) = preSolution
		Debug|Any CPU = Debug|Any CPU
		Release|Any CPU = Release|Any CPU
	EndGlobalSection
	GlobalSection(ProjectConfigurationPlatforms) = postSolution
		{8D21CD92-C0E8-478A-867C-2D07A02879D5}.Debug|Any CPU.ActiveCfg = Debug|Any CPU
		{8D21CD92-C0E8-478A-867C-2D07A02879D5}.Debug|Any CPU.Build.0 = Debug|Any CPU
		{8D21CD92-C0E8-478A-867C-2D07A02879D5}.Release|Any CPU.ActiveCfg = Release|Any CPU
		{8D21CD92-C0E8-478A-867C-2D07A02879D5}.Release|Any CPU.Build.0 = Release|Any CPU
		{D558F35B-2335-4DA1-BC07-338EEA7EA4AF}.Debug|Any CPU.ActiveCfg = Debug|Any CPU
		{D558F35B-2335-4DA1-BC07-338EEA7EA4AF}.Debug|Any CPU.Build.0 = Debug|Any CPU
		{D558F35B-2335-4DA1-BC07-338EEA7EA4AF}.Release|Any CPU.ActiveCfg = Release|Any CPU
		{D558F35B-2335-4DA1-BC07-338EEA7EA4AF}.Release|Any CPU.Build.0 = Release|Any CPU
		{460C757A-BCD7-4EA1-91DA-3EE252F39C83}.Debug|Any CPU.ActiveCfg = Debug|Any CPU
		{460C757A-BCD7-4EA1-91DA-3EE252F39C83}.Debug|Any CPU.Build.0 = Debug|Any CPU
		{460C757A-BCD7-4EA1-91DA-3EE252F39C83}.Release|Any CPU.ActiveCfg = Release|Any CPU
		{460C757A-BCD7-4EA1-91DA-3EE252F39C83}.Release|Any CPU.Build.0 = Release|Any CPU
		{5B5E5C0C-3590-4A4A-821E-9D83D9F1B628}.Debug|Any CPU.ActiveCfg = Debug|Any CPU
		{5B5E5C0C-3590-4A4A-821E-9D83D9F1B628}.Debug|Any CPU.Build.0 = Debug|Any CPU
		{5B5E5C0C-3590-4A4A-821E-9D83D9F1B628}.Release|Any CPU.ActiveCfg = Release|Any CPU
		{5B5E5C0C-3590-4A4A-821E-9D83D9F1B628}.Release|Any CPU.Build.0 = Release|Any CPU
	EndGlobalSection
	GlobalSection(SolutionProperties) = preSolution
		HideSolutionNode = FALSE
	EndGlobalSection
EndGlobal
